
Microsoft Visual Studio Solution File, Format Version 12.00
# Visual Studio Version 17
VisualStudioVersion = 17.5.002.0
MinimumVisualStudioVersion = 10.0.40219.1
Project("{9A19103F-16F7-4668-BE54-9A1E7A4F7556}") = "CSharpStrings", "CSharpStrings.csproj", "{C922E949-56BD-4E3A-B6B6-DB7AEEB4A007}"
EndProject
Global
	GlobalSection(SolutionConfigurationPlatforms) = preSolution
		Debug|Any CPU = Debug|Any CPU
		Release|Any CPU = Release|Any CPU
	EndGlobalSection
	GlobalSection(ProjectConfigurationPlatforms) = postSolution
		{C922E949-56BD-4E3A-B6B6-DB7AEEB4A007}.Debug|Any CPU.ActiveCfg = Debug|Any CPU
		{C922E949-56BD-4E3A-B6B6-DB7AEEB4A007}.Debug|Any CPU.Build.0 = Debug|Any CPU
		{C922E949-56BD-4E3A-B6B6-DB7AEEB4A007}.Release|Any CPU.ActiveCfg = Release|Any CPU
		{C922E949-56BD-4E3A-B6B6-DB7AEEB4A007}.Release|Any CPU.Build.0 = Release|Any CPU
	EndGlobalSection
	GlobalSection(SolutionProperties) = preSolution
		HideSolutionNode = FALSE
	EndGlobalSection
	GlobalSection(ExtensibilityGlobals) = postSolution
		SolutionGuid = {54AE5766-1A63-4356-868C-A68A6D37D7CF}
	EndGlobalSection
EndGlobal
